
Microsoft Visual Studio Solution File, Format Version 12.00
# Visual Studio 2012
Project("{FAE04EC0-301F-11D3-BF4B-00C04F79EFBC}") = "Chapter3", "Chapter3\Chapter3.csproj", "{3DEB3E7D-FB75-413A-9A75-F6F0358AFCE7}"
EndProject
Global
	GlobalSection(SolutionConfigurationPlatforms) = preSolution
		Debug|Any CPU = Debug|Any CPU
		Release|Any CPU = Release|Any CPU
	EndGlobalSection
	GlobalSection(ProjectConfigurationPlatforms) = postSolution
		{3DEB3E7D-FB75-413A-9A75-F6F0358AFCE7}.Debug|Any CPU.ActiveCfg = Debug|Any CPU
		{3DEB3E7D-FB75-413A-9A75-F6F0358AFCE7}.Debug|Any CPU.Build.0 = Debug|Any CPU
		{3DEB3E7D-FB75-413A-9A75-F6F0358AFCE7}.Release|Any CPU.ActiveCfg = Release|Any CPU
		{3DEB3E7D-FB75-413A-9A75-F6F0358AFCE7}.Release|Any CPU.Build.0 = Release|Any CPU
	EndGlobalSection
EndGlobal
